
Microsoft Visual Studio Solution File, Format Version 12.00
# Visual Studio Version 17
VisualStudioVersion = 17.11.35219.272
MinimumVisualStudioVersion = 10.0.40219.1
Project("{FAE04EC0-301F-11D3-BF4B-00C04F79EFBC}") = "Estudiantes", "Estudiantes.csproj", "{F09CF5FC-D168-439C-8CDE-52BB8776E201}"
EndProject
Global
	GlobalSection(SolutionConfigurationPlatforms) = preSolution
		Debug|Any CPU = Debug|Any CPU
		Release|Any CPU = Release|Any CPU
	EndGlobalSection
	GlobalSection(ProjectConfigurationPlatforms) = postSolution
		{F09CF5FC-D168-439C-8CDE-52BB8776E201}.Debug|Any CPU.ActiveCfg = Debug|Any CPU
		{F09CF5FC-D168-439C-8CDE-52BB8776E201}.Debug|Any CPU.Build.0 = Debug|Any CPU
		{F09CF5FC-D168-439C-8CDE-52BB8776E201}.Release|Any CPU.ActiveCfg = Release|Any CPU
		{F09CF5FC-D168-439C-8CDE-52BB8776E201}.Release|Any CPU.Build.0 = Release|Any CPU
	EndGlobalSection
	GlobalSection(SolutionProperties) = preSolution
		HideSolutionNode = FALSE
	EndGlobalSection
	GlobalSection(ExtensibilityGlobals) = postSolution
		SolutionGuid = {77EB21E0-D0A8-431D-B819-B37F8404BD2A}
	EndGlobalSection
EndGlobal
